<?xml version="1.0"?>
<CONFIG>
  <ProjectOptions>
    <Version Value="9"/>
    <General>
      <SessionStorage Value="InProjectDir"/>
      <MainUnit Value="0"/>
      <Title Value="RootTools"/>
      <ResourceType Value="res"/>
      <UseXPManifest Value="True"/>
      <XPManifest>
        <UIAccess Value="True"/>
      </XPManifest>
      <Icon Value="0"/>
    </General>
    <i18n>
      <EnableI18N LFM="False"/>
    </i18n>
    <VersionInfo>
      <StringTable ProductVersion=""/>
    </VersionInfo>
    <BuildModes Count="1">
      <Item1 Name="Default" Default="True"/>
    </BuildModes>
    <PublishOptions>
      <Version Value="2"/>
      <IncludeFileFilter Value="*.(pas|pp|inc|lfm|lpr|lrs|lpi|lpk|sh|xml)"/>
      <ExcludeFileFilter Value="*.(bak|ppu|o|so);*~;backup"/>
    </PublishOptions>
    <RunParams>
      <local>
        <FormatVersion Value="1"/>
        <LaunchingApplication PathPlusParams="/usr/bin/xterm -T 'Lazarus Run Output' -e $(LazarusDir)/tools/runwait.sh $(TargetCmdLine)"/>
      </local>
    </RunParams>
    <RequiredPackages Count="3">
      <Item1>
        <PackageName Value="lnetbase"/>
      </Item1>
      <Item2>
        <PackageName Value="vgscene"/>
      </Item2>
      <Item3>
        <PackageName Value="LCL"/>
      </Item3>
    </RequiredPackages>
    <Units Count="29">
      <Unit0>
        <Filename Value="client.lpr"/>
        <IsPartOfProject Value="True"/>
        <UnitName Value="client"/>
      </Unit0>
      <Unit1>
        <Filename Value="base/baseform.pas"/>
        <IsPartOfProject Value="True"/>
        <ComponentName Value="FormBase"/>
        <HasResources Value="True"/>
        <ResourceBaseClass Value="Form"/>
        <UnitName Value="baseform"/>
      </Unit1>
      <Unit2>
        <Filename Value="base/baseconfig.pas"/>
        <IsPartOfProject Value="True"/>
        <UnitName Value="baseconfig"/>
      </Unit2>
      <Unit3>
        <Filename Value="forms/frm_main.pas"/>
        <IsPartOfProject Value="True"/>
        <ComponentName Value="FormMain"/>
        <HasResources Value="True"/>
        <ResourceBaseClass Value="Form"/>
        <UnitName Value="frm_main"/>
      </Unit3>
      <Unit4>
        <Filename Value="res/res_mapping.pas"/>
        <IsPartOfProject Value="True"/>
        <UnitName Value="res_mapping"/>
      </Unit4>
      <Unit5>
        <Filename Value="res/platform_mapping.pas"/>
        <IsPartOfProject Value="True"/>
        <UnitName Value="platform_mapping"/>
      </Unit5>
      <Unit6>
        <Filename Value="pages/page_device.pas"/>
        <IsPartOfProject Value="True"/>
        <UnitName Value="page_device"/>
      </Unit6>
      <Unit7>
        <Filename Value="item/item_main.pas"/>
        <IsPartOfProject Value="True"/>
        <UnitName Value="item_main"/>
      </Unit7>
      <Unit8>
        <Filename Value="pages/page_about.pas"/>
        <IsPartOfProject Value="True"/>
        <UnitName Value="page_about"/>
      </Unit8>
      <Unit9>
        <Filename Value="util/unt_command.pas"/>
        <IsPartOfProject Value="True"/>
        <UnitName Value="unt_command"/>
      </Unit9>
      <Unit10>
        <Filename Value="util/unt_env.pas"/>
        <IsPartOfProject Value="True"/>
        <UnitName Value="unt_env"/>
      </Unit10>
      <Unit11>
        <Filename Value="thread/th_device_id.pas"/>
        <IsPartOfProject Value="True"/>
        <UnitName Value="th_device_id"/>
      </Unit11>
      <Unit12>
        <Filename Value="base/basethread.pas"/>
        <IsPartOfProject Value="True"/>
        <UnitName Value="basethread"/>
      </Unit12>
      <Unit13>
        <Filename Value="thread/th_usb.pas"/>
        <IsPartOfProject Value="True"/>
        <UnitName Value="th_usb"/>
      </Unit13>
      <Unit14>
        <Filename Value="forms/frm_skin.pas"/>
        <IsPartOfProject Value="True"/>
        <ComponentName Value="FormSkin"/>
        <HasResources Value="True"/>
        <ResourceBaseClass Value="Form"/>
        <UnitName Value="frm_skin"/>
      </Unit14>
      <Unit15>
        <Filename Value="forms/frm_blank.pas"/>
        <IsPartOfProject Value="True"/>
        <ComponentName Value="FormBlank"/>
        <ResourceBaseClass Value="Form"/>
        <UnitName Value="frm_blank"/>
      </Unit15>
      <Unit16>
        <Filename Value="base/basepage.pas"/>
        <IsPartOfProject Value="True"/>
        <UnitName Value="basepage"/>
      </Unit16>
      <Unit17>
        <Filename Value="util/unt_android.pas"/>
        <IsPartOfProject Value="True"/>
        <UnitName Value="unt_android"/>
      </Unit17>
      <Unit18>
        <Filename Value="thread/th_android.pas"/>
        <IsPartOfProject Value="True"/>
        <UnitName Value="th_android"/>
      </Unit18>
      <Unit19>
        <Filename Value="intf/intf_notify.pas"/>
        <IsPartOfProject Value="True"/>
        <UnitName Value="intf_notify"/>
      </Unit19>
      <Unit20>
        <Filename Value="intf/intf_paint.pas"/>
        <IsPartOfProject Value="True"/>
        <UnitName Value="intf_paint"/>
      </Unit20>
      <Unit21>
        <Filename Value="item/item_device_build_prop.pas"/>
        <IsPartOfProject Value="True"/>
        <UnitName Value="item_device_build_prop"/>
      </Unit21>
      <Unit22>
        <Filename Value="pages/page_root_tools.pas"/>
        <IsPartOfProject Value="True"/>
        <UnitName Value="page_root_tools"/>
      </Unit22>
      <Unit23>
        <Filename Value="thread/th_network.pas"/>
        <IsPartOfProject Value="True"/>
        <UnitName Value="th_network"/>
      </Unit23>
      <Unit24>
        <Filename Value="base/basenetwork.pas"/>
        <IsPartOfProject Value="True"/>
        <UnitName Value="basenetwork"/>
      </Unit24>
      <Unit25>
        <Filename Value="util/unt_json.pas"/>
        <IsPartOfProject Value="True"/>
        <UnitName Value="unt_json"/>
      </Unit25>
      <Unit26>
        <Filename Value="item/item_update_log.pas"/>
        <IsPartOfProject Value="True"/>
        <UnitName Value="item_update_log"/>
      </Unit26>
      <Unit27>
        <Filename Value="util/unt_download.pas"/>
        <IsPartOfProject Value="True"/>
        <UnitName Value="unt_download"/>
      </Unit27>
      <Unit28>
        <Filename Value="forms/pop_env.pas"/>
        <IsPartOfProject Value="True"/>
        <UnitName Value="pop_env"/>
      </Unit28>
    </Units>
  </ProjectOptions>
  <CompilerOptions>
    <Version Value="11"/>
    <Target>
      <Filename Value="roottools_client"/>
    </Target>
    <SearchPaths>
      <IncludeFiles Value="$(ProjOutDir)"/>
      <OtherUnitFiles Value="base;forms;res;pages;item;util;thread;intf"/>
      <UnitOutputDirectory Value="lib/$(TargetCPU)-$(TargetOS)"/>
    </SearchPaths>
    <Linking>
      <Options>
        <Win32>
          <GraphicApplication Value="True"/>
        </Win32>
      </Options>
    </Linking>
    <Other>
      <WriteFPCLogo Value="False"/>
      <CompilerMessages>
        <MsgFileName Value=""/>
      </CompilerMessages>
      <CompilerPath Value="$(CompPath)"/>
    </Other>
  </CompilerOptions>
  <Debugging>
    <Exceptions Count="5">
      <Item1>
        <Name Value="EAbort"/>
      </Item1>
      <Item2>
        <Name Value="ECodetoolError"/>
      </Item2>
      <Item3>
        <Name Value="EFOpenError"/>
      </Item3>
      <Item4>
        <Name Value="EAccessViolation"/>
      </Item4>
      <Item5>
        <Name Value="EProcess"/>
      </Item5>
    </Exceptions>
  </Debugging>
</CONFIG>
