// !$*UTF8*$!
{
	archiveVersion = 1;
	classes = {
	};
	objectVersion = 46;
	objects = {

/* Begin PBXBuildFile section */
		9221D2121A6F917C00E8DA89 /* FileUtils.h in Headers */ = {isa = PBXBuildFile; fileRef = 9221D2101A6F917C00E8DA89 /* FileUtils.h */; settings = {ATTRIBUTES = (Public, ); }; };
		9221D2131A6F917C00E8DA89 /* FileUtils.m in Sources */ = {isa = PBXBuildFile; fileRef = 9221D2111A6F917C00E8DA89 /* FileUtils.m */; };
		9221D2161A6FC61700E8DA89 /* UIUtils.h in Headers */ = {isa = PBXBuildFile; fileRef = 9221D2141A6FC61700E8DA89 /* UIUtils.h */; settings = {ATTRIBUTES = (Public, ); }; };
		9221D2171A6FC61700E8DA89 /* UIUtils.m in Sources */ = {isa = PBXBuildFile; fileRef = 9221D2151A6FC61700E8DA89 /* UIUtils.m */; };
		9221D21A1A6FCB2100E8DA89 /* JailbreakUtils.h in Headers */ = {isa = PBXBuildFile; fileRef = 9221D2181A6FCB2100E8DA89 /* JailbreakUtils.h */; settings = {ATTRIBUTES = (Public, ); }; };
		9221D21B1A6FCB2100E8DA89 /* JailbreakUtils.m in Sources */ = {isa = PBXBuildFile; fileRef = 9221D2191A6FCB2100E8DA89 /* JailbreakUtils.m */; };
		9221D21E1A6FCBFC00E8DA89 /* DownloadUtils.h in Headers */ = {isa = PBXBuildFile; fileRef = 9221D21C1A6FCBFC00E8DA89 /* DownloadUtils.h */; settings = {ATTRIBUTES = (Public, ); }; };
		9221D21F1A6FCBFC00E8DA89 /* DownloadUtils.m in Sources */ = {isa = PBXBuildFile; fileRef = 9221D21D1A6FCBFC00E8DA89 /* DownloadUtils.m */; };
		9221D2391A6FCF5000E8DA89 /* libz.dylib in Frameworks */ = {isa = PBXBuildFile; fileRef = 9221D2381A6FCF5000E8DA89 /* libz.dylib */; };
		9221D24B1A6FD0AA00E8DA89 /* crypt.h in Headers */ = {isa = PBXBuildFile; fileRef = 9221D23C1A6FD0AA00E8DA89 /* crypt.h */; };
		9221D24C1A6FD0AA00E8DA89 /* ioapi.c in Sources */ = {isa = PBXBuildFile; fileRef = 9221D23D1A6FD0AA00E8DA89 /* ioapi.c */; };
		9221D24D1A6FD0AA00E8DA89 /* ioapi.h in Headers */ = {isa = PBXBuildFile; fileRef = 9221D23E1A6FD0AA00E8DA89 /* ioapi.h */; };
		9221D2501A6FD0AA00E8DA89 /* miniunz.c in Sources */ = {isa = PBXBuildFile; fileRef = 9221D2411A6FD0AA00E8DA89 /* miniunz.c */; };
		9221D2511A6FD0AA00E8DA89 /* minizip.c in Sources */ = {isa = PBXBuildFile; fileRef = 9221D2421A6FD0AA00E8DA89 /* minizip.c */; };
		9221D2521A6FD0AA00E8DA89 /* mztools.c in Sources */ = {isa = PBXBuildFile; fileRef = 9221D2431A6FD0AA00E8DA89 /* mztools.c */; };
		9221D2531A6FD0AA00E8DA89 /* mztools.h in Headers */ = {isa = PBXBuildFile; fileRef = 9221D2441A6FD0AA00E8DA89 /* mztools.h */; };
		9221D2541A6FD0AA00E8DA89 /* unzip.c in Sources */ = {isa = PBXBuildFile; fileRef = 9221D2451A6FD0AA00E8DA89 /* unzip.c */; };
		9221D2551A6FD0AA00E8DA89 /* unzip.h in Headers */ = {isa = PBXBuildFile; fileRef = 9221D2461A6FD0AA00E8DA89 /* unzip.h */; };
		9221D2561A6FD0AA00E8DA89 /* zip.c in Sources */ = {isa = PBXBuildFile; fileRef = 9221D2471A6FD0AA00E8DA89 /* zip.c */; };
		9221D2571A6FD0AA00E8DA89 /* zip.h in Headers */ = {isa = PBXBuildFile; fileRef = 9221D2481A6FD0AA00E8DA89 /* zip.h */; };
		9221D2581A6FD0AA00E8DA89 /* ZipArchive.h in Headers */ = {isa = PBXBuildFile; fileRef = 9221D2491A6FD0AA00E8DA89 /* ZipArchive.h */; settings = {ATTRIBUTES = (Public, ); }; };
		9221D2591A6FD0AA00E8DA89 /* ZipArchive.m in Sources */ = {isa = PBXBuildFile; fileRef = 9221D24A1A6FD0AA00E8DA89 /* ZipArchive.m */; settings = {COMPILER_FLAGS = "-fno-objc-arc"; }; };
		9221D25C1A6FD31200E8DA89 /* ZipUtils.h in Headers */ = {isa = PBXBuildFile; fileRef = 9221D25A1A6FD31200E8DA89 /* ZipUtils.h */; settings = {ATTRIBUTES = (Public, ); }; };
		9221D25D1A6FD31200E8DA89 /* ZipUtils.m in Sources */ = {isa = PBXBuildFile; fileRef = 9221D25B1A6FD31200E8DA89 /* ZipUtils.m */; };
		9231FEFD1A70EEF4003D1FF0 /* ImageUtils.h in Headers */ = {isa = PBXBuildFile; fileRef = 9231FEFB1A70EEF4003D1FF0 /* ImageUtils.h */; settings = {ATTRIBUTES = (Public, ); }; };
		9231FEFE1A70EEF4003D1FF0 /* ImageUtils.m in Sources */ = {isa = PBXBuildFile; fileRef = 9231FEFC1A70EEF4003D1FF0 /* ImageUtils.m */; };
		925F0B621A6F6297008571CC /* Utils.h in Headers */ = {isa = PBXBuildFile; fileRef = 925F0B611A6F6297008571CC /* Utils.h */; settings = {ATTRIBUTES = (Public, ); }; };
		929F34B71A6F637E00C55B9D /* ConfigUtils.h in Headers */ = {isa = PBXBuildFile; fileRef = 929F34B51A6F637E00C55B9D /* ConfigUtils.h */; settings = {ATTRIBUTES = (Public, ); }; };
		929F34B81A6F637E00C55B9D /* ConfigUtils.m in Sources */ = {isa = PBXBuildFile; fileRef = 929F34B61A6F637E00C55B9D /* ConfigUtils.m */; };
		929F34EB1A6F6B3A00C55B9D /* DeviceUtils.h in Headers */ = {isa = PBXBuildFile; fileRef = 929F34E91A6F6B3A00C55B9D /* DeviceUtils.h */; settings = {ATTRIBUTES = (Public, ); }; };
		929F34EC1A6F6B3A00C55B9D /* DeviceUtils.m in Sources */ = {isa = PBXBuildFile; fileRef = 929F34EA1A6F6B3A00C55B9D /* DeviceUtils.m */; };
		929F34EF1A6F6D8400C55B9D /* HttpUtils.h in Headers */ = {isa = PBXBuildFile; fileRef = 929F34ED1A6F6D8400C55B9D /* HttpUtils.h */; settings = {ATTRIBUTES = (Public, ); }; };
		929F34F01A6F6D8400C55B9D /* HttpUtils.m in Sources */ = {isa = PBXBuildFile; fileRef = 929F34EE1A6F6D8400C55B9D /* HttpUtils.m */; };
		929F34F61A6F799800C55B9D /* SideMenu.h in Headers */ = {isa = PBXBuildFile; fileRef = 929F34F21A6F799800C55B9D /* SideMenu.h */; settings = {ATTRIBUTES = (Public, ); }; };
		929F34F71A6F799800C55B9D /* SideMenu.m in Sources */ = {isa = PBXBuildFile; fileRef = 929F34F31A6F799800C55B9D /* SideMenu.m */; };
		929F34F81A6F799800C55B9D /* UIViewController+SideMenu.h in Headers */ = {isa = PBXBuildFile; fileRef = 929F34F41A6F799800C55B9D /* UIViewController+SideMenu.h */; settings = {ATTRIBUTES = (Public, ); }; };
		929F34F91A6F799800C55B9D /* UIViewController+SideMenu.m in Sources */ = {isa = PBXBuildFile; fileRef = 929F34F51A6F799800C55B9D /* UIViewController+SideMenu.m */; };
		929F34FD1A6F7D9900C55B9D /* Toast.h in Headers */ = {isa = PBXBuildFile; fileRef = 929F34FB1A6F7D9900C55B9D /* Toast.h */; settings = {ATTRIBUTES = (Public, ); }; };
		929F34FE1A6F7D9900C55B9D /* Toast.m in Sources */ = {isa = PBXBuildFile; fileRef = 929F34FC1A6F7D9900C55B9D /* Toast.m */; };
/* End PBXBuildFile section */

/* Begin PBXFileReference section */
		9221D2101A6F917C00E8DA89 /* FileUtils.h */ = {isa = PBXFileReference; fileEncoding = 4; lastKnownFileType = sourcecode.c.h; path = FileUtils.h; sourceTree = "<group>"; };
		9221D2111A6F917C00E8DA89 /* FileUtils.m */ = {isa = PBXFileReference; fileEncoding = 4; lastKnownFileType = sourcecode.c.objc; path = FileUtils.m; sourceTree = "<group>"; };
		9221D2141A6FC61700E8DA89 /* UIUtils.h */ = {isa = PBXFileReference; fileEncoding = 4; lastKnownFileType = sourcecode.c.h; path = UIUtils.h; sourceTree = "<group>"; };
		9221D2151A6FC61700E8DA89 /* UIUtils.m */ = {isa = PBXFileReference; fileEncoding = 4; lastKnownFileType = sourcecode.c.objc; path = UIUtils.m; sourceTree = "<group>"; };
		9221D2181A6FCB2100E8DA89 /* JailbreakUtils.h */ = {isa = PBXFileReference; fileEncoding = 4; lastKnownFileType = sourcecode.c.h; path = JailbreakUtils.h; sourceTree = "<group>"; };
		9221D2191A6FCB2100E8DA89 /* JailbreakUtils.m */ = {isa = PBXFileReference; fileEncoding = 4; lastKnownFileType = sourcecode.c.objc; path = JailbreakUtils.m; sourceTree = "<group>"; };
		9221D21C1A6FCBFC00E8DA89 /* DownloadUtils.h */ = {isa = PBXFileReference; fileEncoding = 4; lastKnownFileType = sourcecode.c.h; path = DownloadUtils.h; sourceTree = "<group>"; };
		9221D21D1A6FCBFC00E8DA89 /* DownloadUtils.m */ = {isa = PBXFileReference; fileEncoding = 4; lastKnownFileType = sourcecode.c.objc; path = DownloadUtils.m; sourceTree = "<group>"; };
		9221D2381A6FCF5000E8DA89 /* libz.dylib */ = {isa = PBXFileReference; lastKnownFileType = "compiled.mach-o.dylib"; name = libz.dylib; path = usr/lib/libz.dylib; sourceTree = SDKROOT; };
		9221D23C1A6FD0AA00E8DA89 /* crypt.h */ = {isa = PBXFileReference; fileEncoding = 4; lastKnownFileType = sourcecode.c.h; path = crypt.h; sourceTree = "<group>"; };
		9221D23D1A6FD0AA00E8DA89 /* ioapi.c */ = {isa = PBXFileReference; fileEncoding = 4; lastKnownFileType = sourcecode.c.c; path = ioapi.c; sourceTree = "<group>"; };
		9221D23E1A6FD0AA00E8DA89 /* ioapi.h */ = {isa = PBXFileReference; fileEncoding = 4; lastKnownFileType = sourcecode.c.h; path = ioapi.h; sourceTree = "<group>"; };
		9221D2411A6FD0AA00E8DA89 /* miniunz.c */ = {isa = PBXFileReference; fileEncoding = 4; lastKnownFileType = sourcecode.c.c; path = miniunz.c; sourceTree = "<group>"; };
		9221D2421A6FD0AA00E8DA89 /* minizip.c */ = {isa = PBXFileReference; fileEncoding = 4; lastKnownFileType = sourcecode.c.c; path = minizip.c; sourceTree = "<group>"; };
		9221D2431A6FD0AA00E8DA89 /* mztools.c */ = {isa = PBXFileReference; fileEncoding = 4; lastKnownFileType = sourcecode.c.c; path = mztools.c; sourceTree = "<group>"; };
		9221D2441A6FD0AA00E8DA89 /* mztools.h */ = {isa = PBXFileReference; fileEncoding = 4; lastKnownFileType = sourcecode.c.h; path = mztools.h; sourceTree = "<group>"; };
		9221D2451A6FD0AA00E8DA89 /* unzip.c */ = {isa = PBXFileReference; fileEncoding = 4; lastKnownFileType = sourcecode.c.c; path = unzip.c; sourceTree = "<group>"; };
		9221D2461A6FD0AA00E8DA89 /* unzip.h */ = {isa = PBXFileReference; fileEncoding = 4; lastKnownFileType = sourcecode.c.h; path = unzip.h; sourceTree = "<group>"; };
		9221D2471A6FD0AA00E8DA89 /* zip.c */ = {isa = PBXFileReference; fileEncoding = 4; lastKnownFileType = sourcecode.c.c; path = zip.c; sourceTree = "<group>"; };
		9221D2481A6FD0AA00E8DA89 /* zip.h */ = {isa = PBXFileReference; fileEncoding = 4; lastKnownFileType = sourcecode.c.h; path = zip.h; sourceTree = "<group>"; };
		9221D2491A6FD0AA00E8DA89 /* ZipArchive.h */ = {isa = PBXFileReference; fileEncoding = 4; lastKnownFileType = sourcecode.c.h; path = ZipArchive.h; sourceTree = "<group>"; };
		9221D24A1A6FD0AA00E8DA89 /* ZipArchive.m */ = {isa = PBXFileReference; fileEncoding = 4; lastKnownFileType = sourcecode.c.objc; path = ZipArchive.m; sourceTree = "<group>"; };
		9221D25A1A6FD31200E8DA89 /* ZipUtils.h */ = {isa = PBXFileReference; fileEncoding = 4; lastKnownFileType = sourcecode.c.h; path = ZipUtils.h; sourceTree = "<group>"; };
		9221D25B1A6FD31200E8DA89 /* ZipUtils.m */ = {isa = PBXFileReference; fileEncoding = 4; lastKnownFileType = sourcecode.c.objc; path = ZipUtils.m; sourceTree = "<group>"; };
		9231FEFB1A70EEF4003D1FF0 /* ImageUtils.h */ = {isa = PBXFileReference; fileEncoding = 4; lastKnownFileType = sourcecode.c.h; path = ImageUtils.h; sourceTree = "<group>"; };
		9231FEFC1A70EEF4003D1FF0 /* ImageUtils.m */ = {isa = PBXFileReference; fileEncoding = 4; lastKnownFileType = sourcecode.c.objc; path = ImageUtils.m; sourceTree = "<group>"; };
		925F0B5C1A6F6297008571CC /* Utils.framework */ = {isa = PBXFileReference; explicitFileType = wrapper.framework; includeInIndex = 0; path = Utils.framework; sourceTree = BUILT_PRODUCTS_DIR; };
		925F0B601A6F6297008571CC /* Info.plist */ = {isa = PBXFileReference; lastKnownFileType = text.plist.xml; path = Info.plist; sourceTree = "<group>"; };
		925F0B611A6F6297008571CC /* Utils.h */ = {isa = PBXFileReference; lastKnownFileType = sourcecode.c.h; path = Utils.h; sourceTree = "<group>"; };
		929F34B51A6F637E00C55B9D /* ConfigUtils.h */ = {isa = PBXFileReference; fileEncoding = 4; lastKnownFileType = sourcecode.c.h; path = ConfigUtils.h; sourceTree = "<group>"; };
		929F34B61A6F637E00C55B9D /* ConfigUtils.m */ = {isa = PBXFileReference; fileEncoding = 4; lastKnownFileType = sourcecode.c.objc; path = ConfigUtils.m; sourceTree = "<group>"; };
		929F34E91A6F6B3A00C55B9D /* DeviceUtils.h */ = {isa = PBXFileReference; fileEncoding = 4; lastKnownFileType = sourcecode.c.h; path = DeviceUtils.h; sourceTree = "<group>"; };
		929F34EA1A6F6B3A00C55B9D /* DeviceUtils.m */ = {isa = PBXFileReference; fileEncoding = 4; lastKnownFileType = sourcecode.c.objc; path = DeviceUtils.m; sourceTree = "<group>"; };
		929F34ED1A6F6D8400C55B9D /* HttpUtils.h */ = {isa = PBXFileReference; fileEncoding = 4; lastKnownFileType = sourcecode.c.h; path = HttpUtils.h; sourceTree = "<group>"; };
		929F34EE1A6F6D8400C55B9D /* HttpUtils.m */ = {isa = PBXFileReference; fileEncoding = 4; lastKnownFileType = sourcecode.c.objc; path = HttpUtils.m; sourceTree = "<group>"; };
		929F34F21A6F799800C55B9D /* SideMenu.h */ = {isa = PBXFileReference; fileEncoding = 4; lastKnownFileType = sourcecode.c.h; path = SideMenu.h; sourceTree = "<group>"; };
		929F34F31A6F799800C55B9D /* SideMenu.m */ = {isa = PBXFileReference; fileEncoding = 4; lastKnownFileType = sourcecode.c.objc; path = SideMenu.m; sourceTree = "<group>"; };
		929F34F41A6F799800C55B9D /* UIViewController+SideMenu.h */ = {isa = PBXFileReference; fileEncoding = 4; lastKnownFileType = sourcecode.c.h; path = "UIViewController+SideMenu.h"; sourceTree = "<group>"; };
		929F34F51A6F799800C55B9D /* UIViewController+SideMenu.m */ = {isa = PBXFileReference; fileEncoding = 4; lastKnownFileType = sourcecode.c.objc; path = "UIViewController+SideMenu.m"; sourceTree = "<group>"; };
		929F34FB1A6F7D9900C55B9D /* Toast.h */ = {isa = PBXFileReference; fileEncoding = 4; lastKnownFileType = sourcecode.c.h; path = Toast.h; sourceTree = "<group>"; };
		929F34FC1A6F7D9900C55B9D /* Toast.m */ = {isa = PBXFileReference; fileEncoding = 4; lastKnownFileType = sourcecode.c.objc; path = Toast.m; sourceTree = "<group>"; };
/* End PBXFileReference section */

/* Begin PBXFrameworksBuildPhase section */
		925F0B581A6F6297008571CC /* Frameworks */ = {
			isa = PBXFrameworksBuildPhase;
			buildActionMask = 2147483647;
			files = (
				9221D2391A6FCF5000E8DA89 /* libz.dylib in Frameworks */,
			);
			runOnlyForDeploymentPostprocessing = 0;
		};
/* End PBXFrameworksBuildPhase section */

/* Begin PBXGroup section */
		9221D23A1A6FD0AA00E8DA89 /* ZipArchive */ = {
			isa = PBXGroup;
			children = (
				9221D23B1A6FD0AA00E8DA89 /* minizip */,
				9221D2491A6FD0AA00E8DA89 /* ZipArchive.h */,
				9221D24A1A6FD0AA00E8DA89 /* ZipArchive.m */,
			);
			path = ZipArchive;
			sourceTree = "<group>";
		};
		9221D23B1A6FD0AA00E8DA89 /* minizip */ = {
			isa = PBXGroup;
			children = (
				9221D23C1A6FD0AA00E8DA89 /* crypt.h */,
				9221D23D1A6FD0AA00E8DA89 /* ioapi.c */,
				9221D23E1A6FD0AA00E8DA89 /* ioapi.h */,
				9221D2411A6FD0AA00E8DA89 /* miniunz.c */,
				9221D2421A6FD0AA00E8DA89 /* minizip.c */,
				9221D2431A6FD0AA00E8DA89 /* mztools.c */,
				9221D2441A6FD0AA00E8DA89 /* mztools.h */,
				9221D2451A6FD0AA00E8DA89 /* unzip.c */,
				9221D2461A6FD0AA00E8DA89 /* unzip.h */,
				9221D2471A6FD0AA00E8DA89 /* zip.c */,
				9221D2481A6FD0AA00E8DA89 /* zip.h */,
			);
			path = minizip;
			sourceTree = "<group>";
		};
		925F0B521A6F6297008571CC = {
			isa = PBXGroup;
			children = (
				9221D2381A6FCF5000E8DA89 /* libz.dylib */,
				925F0B5E1A6F6297008571CC /* Utils */,
				925F0B5D1A6F6297008571CC /* Products */,
			);
			sourceTree = "<group>";
		};
		925F0B5D1A6F6297008571CC /* Products */ = {
			isa = PBXGroup;
			children = (
				925F0B5C1A6F6297008571CC /* Utils.framework */,
			);
			name = Products;
			sourceTree = "<group>";
		};
		925F0B5E1A6F6297008571CC /* Utils */ = {
			isa = PBXGroup;
			children = (
				9221D23A1A6FD0AA00E8DA89 /* ZipArchive */,
				929F34FA1A6F7D8C00C55B9D /* Toast */,
				929F34F11A6F799800C55B9D /* SideMenu */,
				925F0B611A6F6297008571CC /* Utils.h */,
				925F0B5F1A6F6297008571CC /* Supporting Files */,
				929F34B51A6F637E00C55B9D /* ConfigUtils.h */,
				929F34B61A6F637E00C55B9D /* ConfigUtils.m */,
				929F34E91A6F6B3A00C55B9D /* DeviceUtils.h */,
				929F34EA1A6F6B3A00C55B9D /* DeviceUtils.m */,
				929F34ED1A6F6D8400C55B9D /* HttpUtils.h */,
				929F34EE1A6F6D8400C55B9D /* HttpUtils.m */,
				9221D2101A6F917C00E8DA89 /* FileUtils.h */,
				9221D2111A6F917C00E8DA89 /* FileUtils.m */,
				9221D2141A6FC61700E8DA89 /* UIUtils.h */,
				9221D2151A6FC61700E8DA89 /* UIUtils.m */,
				9221D2181A6FCB2100E8DA89 /* JailbreakUtils.h */,
				9221D2191A6FCB2100E8DA89 /* JailbreakUtils.m */,
				9221D21C1A6FCBFC00E8DA89 /* DownloadUtils.h */,
				9221D21D1A6FCBFC00E8DA89 /* DownloadUtils.m */,
				9221D25A1A6FD31200E8DA89 /* ZipUtils.h */,
				9221D25B1A6FD31200E8DA89 /* ZipUtils.m */,
				9231FEFB1A70EEF4003D1FF0 /* ImageUtils.h */,
				9231FEFC1A70EEF4003D1FF0 /* ImageUtils.m */,
			);
			path = Utils;
			sourceTree = "<group>";
		};
		925F0B5F1A6F6297008571CC /* Supporting Files */ = {
			isa = PBXGroup;
			children = (
				925F0B601A6F6297008571CC /* Info.plist */,
			);
			name = "Supporting Files";
			sourceTree = "<group>";
		};
		929F34F11A6F799800C55B9D /* SideMenu */ = {
			isa = PBXGroup;
			children = (
				929F34F21A6F799800C55B9D /* SideMenu.h */,
				929F34F31A6F799800C55B9D /* SideMenu.m */,
				929F34F41A6F799800C55B9D /* UIViewController+SideMenu.h */,
				929F34F51A6F799800C55B9D /* UIViewController+SideMenu.m */,
			);
			path = SideMenu;
			sourceTree = "<group>";
		};
		929F34FA1A6F7D8C00C55B9D /* Toast */ = {
			isa = PBXGroup;
			children = (
				929F34FB1A6F7D9900C55B9D /* Toast.h */,
				929F34FC1A6F7D9900C55B9D /* Toast.m */,
			);
			path = Toast;
			sourceTree = "<group>";
		};
/* End PBXGroup section */

/* Begin PBXHeadersBuildPhase section */
		925F0B591A6F6297008571CC /* Headers */ = {
			isa = PBXHeadersBuildPhase;
			buildActionMask = 2147483647;
			files = (
				929F34B71A6F637E00C55B9D /* ConfigUtils.h in Headers */,
				925F0B621A6F6297008571CC /* Utils.h in Headers */,
				929F34F61A6F799800C55B9D /* SideMenu.h in Headers */,
				9221D24B1A6FD0AA00E8DA89 /* crypt.h in Headers */,
				929F34EF1A6F6D8400C55B9D /* HttpUtils.h in Headers */,
				929F34F81A6F799800C55B9D /* UIViewController+SideMenu.h in Headers */,
				9221D2551A6FD0AA00E8DA89 /* unzip.h in Headers */,
				929F34FD1A6F7D9900C55B9D /* Toast.h in Headers */,
				9221D2531A6FD0AA00E8DA89 /* mztools.h in Headers */,
				9221D2581A6FD0AA00E8DA89 /* ZipArchive.h in Headers */,
				9221D2121A6F917C00E8DA89 /* FileUtils.h in Headers */,
				9221D25C1A6FD31200E8DA89 /* ZipUtils.h in Headers */,
				9231FEFD1A70EEF4003D1FF0 /* ImageUtils.h in Headers */,
				9221D2161A6FC61700E8DA89 /* UIUtils.h in Headers */,
				9221D24D1A6FD0AA00E8DA89 /* ioapi.h in Headers */,
				9221D21A1A6FCB2100E8DA89 /* JailbreakUtils.h in Headers */,
				929F34EB1A6F6B3A00C55B9D /* DeviceUtils.h in Headers */,
				9221D2571A6FD0AA00E8DA89 /* zip.h in Headers */,
				9221D21E1A6FCBFC00E8DA89 /* DownloadUtils.h in Headers */,
			);
			runOnlyForDeploymentPostprocessing = 0;
		};
/* End PBXHeadersBuildPhase section */

/* Begin PBXNativeTarget section */
		925F0B5B1A6F6297008571CC /* Utils */ = {
			isa = PBXNativeTarget;
			buildConfigurationList = 925F0B721A6F6297008571CC /* Build configuration list for PBXNativeTarget "Utils" */;
			buildPhases = (
				925F0B571A6F6297008571CC /* Sources */,
				925F0B581A6F6297008571CC /* Frameworks */,
				925F0B591A6F6297008571CC /* Headers */,
				925F0B5A1A6F6297008571CC /* Resources */,
			);
			buildRules = (
			);
			dependencies = (
			);
			name = Utils;
			productName = Utils;
			productReference = 925F0B5C1A6F6297008571CC /* Utils.framework */;
			productType = "com.apple.product-type.framework";
		};
/* End PBXNativeTarget section */

/* Begin PBXProject section */
		925F0B531A6F6297008571CC /* Project object */ = {
			isa = PBXProject;
			attributes = {
				LastUpgradeCheck = 0610;
				ORGANIZATIONNAME = rarnu;
				TargetAttributes = {
					925F0B5B1A6F6297008571CC = {
						CreatedOnToolsVersion = 6.1.1;
					};
				};
			};
			buildConfigurationList = 925F0B561A6F6297008571CC /* Build configuration list for PBXProject "Utils" */;
			compatibilityVersion = "Xcode 3.2";
			developmentRegion = English;
			hasScannedForEncodings = 0;
			knownRegions = (
				en,
			);
			mainGroup = 925F0B521A6F6297008571CC;
			productRefGroup = 925F0B5D1A6F6297008571CC /* Products */;
			projectDirPath = "";
			projectRoot = "";
			targets = (
				925F0B5B1A6F6297008571CC /* Utils */,
			);
		};
/* End PBXProject section */

/* Begin PBXResourcesBuildPhase section */
		925F0B5A1A6F6297008571CC /* Resources */ = {
			isa = PBXResourcesBuildPhase;
			buildActionMask = 2147483647;
			files = (
			);
			runOnlyForDeploymentPostprocessing = 0;
		};
/* End PBXResourcesBuildPhase section */

/* Begin PBXSourcesBuildPhase section */
		925F0B571A6F6297008571CC /* Sources */ = {
			isa = PBXSourcesBuildPhase;
			buildActionMask = 2147483647;
			files = (
				9221D2501A6FD0AA00E8DA89 /* miniunz.c in Sources */,
				929F34F91A6F799800C55B9D /* UIViewController+SideMenu.m in Sources */,
				929F34F01A6F6D8400C55B9D /* HttpUtils.m in Sources */,
				9221D2131A6F917C00E8DA89 /* FileUtils.m in Sources */,
				9221D21F1A6FCBFC00E8DA89 /* DownloadUtils.m in Sources */,
				9221D25D1A6FD31200E8DA89 /* ZipUtils.m in Sources */,
				9221D2171A6FC61700E8DA89 /* UIUtils.m in Sources */,
				9221D2561A6FD0AA00E8DA89 /* zip.c in Sources */,
				929F34B81A6F637E00C55B9D /* ConfigUtils.m in Sources */,
				9221D21B1A6FCB2100E8DA89 /* JailbreakUtils.m in Sources */,
				9221D2591A6FD0AA00E8DA89 /* ZipArchive.m in Sources */,
				929F34FE1A6F7D9900C55B9D /* Toast.m in Sources */,
				9221D2511A6FD0AA00E8DA89 /* minizip.c in Sources */,
				9231FEFE1A70EEF4003D1FF0 /* ImageUtils.m in Sources */,
				9221D24C1A6FD0AA00E8DA89 /* ioapi.c in Sources */,
				929F34EC1A6F6B3A00C55B9D /* DeviceUtils.m in Sources */,
				929F34F71A6F799800C55B9D /* SideMenu.m in Sources */,
				9221D2541A6FD0AA00E8DA89 /* unzip.c in Sources */,
				9221D2521A6FD0AA00E8DA89 /* mztools.c in Sources */,
			);
			runOnlyForDeploymentPostprocessing = 0;
		};
/* End PBXSourcesBuildPhase section */

/* Begin XCBuildConfiguration section */
		925F0B701A6F6297008571CC /* Debug */ = {
			isa = XCBuildConfiguration;
			buildSettings = {
				ALWAYS_SEARCH_USER_PATHS = NO;
				CLANG_CXX_LANGUAGE_STANDARD = "gnu++0x";
				CLANG_CXX_LIBRARY = "libc++";
				CLANG_ENABLE_MODULES = YES;
				CLANG_ENABLE_OBJC_ARC = YES;
				CLANG_WARN_BOOL_CONVERSION = YES;
				CLANG_WARN_CONSTANT_CONVERSION = YES;
				CLANG_WARN_DIRECT_OBJC_ISA_USAGE = YES_ERROR;
				CLANG_WARN_EMPTY_BODY = YES;
				CLANG_WARN_ENUM_CONVERSION = YES;
				CLANG_WARN_INT_CONVERSION = YES;
				CLANG_WARN_OBJC_ROOT_CLASS = YES_ERROR;
				CLANG_WARN_UNREACHABLE_CODE = YES;
				CLANG_WARN__DUPLICATE_METHOD_MATCH = YES;
				"CODE_SIGN_IDENTITY[sdk=iphoneos*]" = "iPhone Developer";
				COPY_PHASE_STRIP = NO;
				CURRENT_PROJECT_VERSION = 1;
				ENABLE_STRICT_OBJC_MSGSEND = YES;
				GCC_C_LANGUAGE_STANDARD = gnu99;
				GCC_DYNAMIC_NO_PIC = NO;
				GCC_OPTIMIZATION_LEVEL = 0;
				GCC_PREPROCESSOR_DEFINITIONS = (
					"DEBUG=1",
					"$(inherited)",
				);
				GCC_SYMBOLS_PRIVATE_EXTERN = NO;
				GCC_WARN_64_TO_32_BIT_CONVERSION = YES;
				GCC_WARN_ABOUT_RETURN_TYPE = YES_ERROR;
				GCC_WARN_UNDECLARED_SELECTOR = YES;
				GCC_WARN_UNINITIALIZED_AUTOS = YES_AGGRESSIVE;
				GCC_WARN_UNUSED_FUNCTION = YES;
				GCC_WARN_UNUSED_VARIABLE = YES;
				IPHONEOS_DEPLOYMENT_TARGET = 8.1;
				MTL_ENABLE_DEBUG_INFO = YES;
				ONLY_ACTIVE_ARCH = YES;
				SDKROOT = iphoneos;
				TARGETED_DEVICE_FAMILY = "1,2";
				VERSIONING_SYSTEM = "apple-generic";
				VERSION_INFO_PREFIX = "";
			};
			name = Debug;
		};
		925F0B711A6F6297008571CC /* Release */ = {
			isa = XCBuildConfiguration;
			buildSettings = {
				ALWAYS_SEARCH_USER_PATHS = NO;
				CLANG_CXX_LANGUAGE_STANDARD = "gnu++0x";
				CLANG_CXX_LIBRARY = "libc++";
				CLANG_ENABLE_MODULES = YES;
				CLANG_ENABLE_OBJC_ARC = YES;
				CLANG_WARN_BOOL_CONVERSION = YES;
				CLANG_WARN_CONSTANT_CONVERSION = YES;
				CLANG_WARN_DIRECT_OBJC_ISA_USAGE = YES_ERROR;
				CLANG_WARN_EMPTY_BODY = YES;
				CLANG_WARN_ENUM_CONVERSION = YES;
				CLANG_WARN_INT_CONVERSION = YES;
				CLANG_WARN_OBJC_ROOT_CLASS = YES_ERROR;
				CLANG_WARN_UNREACHABLE_CODE = YES;
				CLANG_WARN__DUPLICATE_METHOD_MATCH = YES;
				"CODE_SIGN_IDENTITY[sdk=iphoneos*]" = "iPhone Developer";
				COPY_PHASE_STRIP = YES;
				CURRENT_PROJECT_VERSION = 1;
				ENABLE_NS_ASSERTIONS = NO;
				ENABLE_STRICT_OBJC_MSGSEND = YES;
				GCC_C_LANGUAGE_STANDARD = gnu99;
				GCC_WARN_64_TO_32_BIT_CONVERSION = YES;
				GCC_WARN_ABOUT_RETURN_TYPE = YES_ERROR;
				GCC_WARN_UNDECLARED_SELECTOR = YES;
				GCC_WARN_UNINITIALIZED_AUTOS = YES_AGGRESSIVE;
				GCC_WARN_UNUSED_FUNCTION = YES;
				GCC_WARN_UNUSED_VARIABLE = YES;
				IPHONEOS_DEPLOYMENT_TARGET = 8.1;
				MTL_ENABLE_DEBUG_INFO = NO;
				SDKROOT = iphoneos;
				TARGETED_DEVICE_FAMILY = "1,2";
				VALIDATE_PRODUCT = YES;
				VERSIONING_SYSTEM = "apple-generic";
				VERSION_INFO_PREFIX = "";
			};
			name = Release;
		};
		925F0B731A6F6297008571CC /* Debug */ = {
			isa = XCBuildConfiguration;
			buildSettings = {
				DEFINES_MODULE = YES;
				DYLIB_COMPATIBILITY_VERSION = 1;
				DYLIB_CURRENT_VERSION = 1;
				DYLIB_INSTALL_NAME_BASE = "@rpath";
				INFOPLIST_FILE = Utils/Info.plist;
				INSTALL_PATH = "$(LOCAL_LIBRARY_DIR)/Frameworks";
				LD_RUNPATH_SEARCH_PATHS = "$(inherited) @executable_path/Frameworks @loader_path/Frameworks";
				PRODUCT_NAME = "$(TARGET_NAME)";
				SKIP_INSTALL = YES;
			};
			name = Debug;
		};
		925F0B741A6F6297008571CC /* Release */ = {
			isa = XCBuildConfiguration;
			buildSettings = {
				DEFINES_MODULE = YES;
				DYLIB_COMPATIBILITY_VERSION = 1;
				DYLIB_CURRENT_VERSION = 1;
				DYLIB_INSTALL_NAME_BASE = "@rpath";
				INFOPLIST_FILE = Utils/Info.plist;
				INSTALL_PATH = "$(LOCAL_LIBRARY_DIR)/Frameworks";
				LD_RUNPATH_SEARCH_PATHS = "$(inherited) @executable_path/Frameworks @loader_path/Frameworks";
				PRODUCT_NAME = "$(TARGET_NAME)";
				SKIP_INSTALL = YES;
			};
			name = Release;
		};
/* End XCBuildConfiguration section */

/* Begin XCConfigurationList section */
		925F0B561A6F6297008571CC /* Build configuration list for PBXProject "Utils" */ = {
			isa = XCConfigurationList;
			buildConfigurations = (
				925F0B701A6F6297008571CC /* Debug */,
				925F0B711A6F6297008571CC /* Release */,
			);
			defaultConfigurationIsVisible = 0;
			defaultConfigurationName = Release;
		};
		925F0B721A6F6297008571CC /* Build configuration list for PBXNativeTarget "Utils" */ = {
			isa = XCConfigurationList;
			buildConfigurations = (
				925F0B731A6F6297008571CC /* Debug */,
				925F0B741A6F6297008571CC /* Release */,
			);
			defaultConfigurationIsVisible = 0;
			defaultConfigurationName = Release;
		};
/* End XCConfigurationList section */
	};
	rootObject = 925F0B531A6F6297008571CC /* Project object */;
}
