// !$*UTF8*$!
{
	archiveVersion = 1;
	classes = {
	};
	objectVersion = 46;
	objects = {

/* Begin PBXBuildFile section */
		921CB7581AB17307009822DA /* main.m in Sources */ = {isa = PBXBuildFile; fileRef = 921CB7571AB17307009822DA /* main.m */; };
		921CB75B1AB17307009822DA /* AppDelegate.m in Sources */ = {isa = PBXBuildFile; fileRef = 921CB75A1AB17307009822DA /* AppDelegate.m */; };
		921CB75E1AB17307009822DA /* ViewController.m in Sources */ = {isa = PBXBuildFile; fileRef = 921CB75D1AB17307009822DA /* ViewController.m */; };
		921CB7611AB17307009822DA /* Main.storyboard in Resources */ = {isa = PBXBuildFile; fileRef = 921CB75F1AB17307009822DA /* Main.storyboard */; };
		921CB7631AB17307009822DA /* Images.xcassets in Resources */ = {isa = PBXBuildFile; fileRef = 921CB7621AB17307009822DA /* Images.xcassets */; };
		921CB7661AB17307009822DA /* LaunchScreen.xib in Resources */ = {isa = PBXBuildFile; fileRef = 921CB7641AB17307009822DA /* LaunchScreen.xib */; };
		921CB7721AB17307009822DA /* SampleTests.m in Sources */ = {isa = PBXBuildFile; fileRef = 921CB7711AB17307009822DA /* SampleTests.m */; };
		922A48C51AB1746500929632 /* libsqlite3.dylib in Frameworks */ = {isa = PBXBuildFile; fileRef = 922A48C41AB1746500929632 /* libsqlite3.dylib */; settings = {ATTRIBUTES = (Weak, ); }; };
		922A48C61AB1749F00929632 /* Utils.framework in Frameworks */ = {isa = PBXBuildFile; fileRef = 922A48C21AB1735100929632 /* Utils.framework */; settings = {ATTRIBUTES = (Weak, ); }; };
		922A48C71AB1749F00929632 /* Utils.framework in Embed Frameworks */ = {isa = PBXBuildFile; fileRef = 922A48C21AB1735100929632 /* Utils.framework */; settings = {ATTRIBUTES = (CodeSignOnCopy, RemoveHeadersOnCopy, ); }; };
/* End PBXBuildFile section */

/* Begin PBXContainerItemProxy section */
		921CB76C1AB17307009822DA /* PBXContainerItemProxy */ = {
			isa = PBXContainerItemProxy;
			containerPortal = 921CB74A1AB17307009822DA /* Project object */;
			proxyType = 1;
			remoteGlobalIDString = 921CB7511AB17307009822DA;
			remoteInfo = Sample;
		};
/* End PBXContainerItemProxy section */

/* Begin PBXCopyFilesBuildPhase section */
		922A48C81AB1749F00929632 /* Embed Frameworks */ = {
			isa = PBXCopyFilesBuildPhase;
			buildActionMask = 2147483647;
			dstPath = "";
			dstSubfolderSpec = 10;
			files = (
				922A48C71AB1749F00929632 /* Utils.framework in Embed Frameworks */,
			);
			name = "Embed Frameworks";
			runOnlyForDeploymentPostprocessing = 0;
		};
/* End PBXCopyFilesBuildPhase section */

/* Begin PBXFileReference section */
		921CB7521AB17307009822DA /* Sample.app */ = {isa = PBXFileReference; explicitFileType = wrapper.application; includeInIndex = 0; path = Sample.app; sourceTree = BUILT_PRODUCTS_DIR; };
		921CB7561AB17307009822DA /* Info.plist */ = {isa = PBXFileReference; lastKnownFileType = text.plist.xml; path = Info.plist; sourceTree = "<group>"; };
		921CB7571AB17307009822DA /* main.m */ = {isa = PBXFileReference; lastKnownFileType = sourcecode.c.objc; path = main.m; sourceTree = "<group>"; };
		921CB7591AB17307009822DA /* AppDelegate.h */ = {isa = PBXFileReference; lastKnownFileType = sourcecode.c.h; path = AppDelegate.h; sourceTree = "<group>"; };
		921CB75A1AB17307009822DA /* AppDelegate.m */ = {isa = PBXFileReference; lastKnownFileType = sourcecode.c.objc; path = AppDelegate.m; sourceTree = "<group>"; };
		921CB75C1AB17307009822DA /* ViewController.h */ = {isa = PBXFileReference; lastKnownFileType = sourcecode.c.h; path = ViewController.h; sourceTree = "<group>"; };
		921CB75D1AB17307009822DA /* ViewController.m */ = {isa = PBXFileReference; lastKnownFileType = sourcecode.c.objc; path = ViewController.m; sourceTree = "<group>"; };
		921CB7601AB17307009822DA /* Base */ = {isa = PBXFileReference; lastKnownFileType = file.storyboard; name = Base; path = Base.lproj/Main.storyboard; sourceTree = "<group>"; };
		921CB7621AB17307009822DA /* Images.xcassets */ = {isa = PBXFileReference; lastKnownFileType = folder.assetcatalog; path = Images.xcassets; sourceTree = "<group>"; };
		921CB7651AB17307009822DA /* Base */ = {isa = PBXFileReference; lastKnownFileType = file.xib; name = Base; path = Base.lproj/LaunchScreen.xib; sourceTree = "<group>"; };
		921CB76B1AB17307009822DA /* SampleTests.xctest */ = {isa = PBXFileReference; explicitFileType = wrapper.cfbundle; includeInIndex = 0; path = SampleTests.xctest; sourceTree = BUILT_PRODUCTS_DIR; };
		921CB7701AB17307009822DA /* Info.plist */ = {isa = PBXFileReference; lastKnownFileType = text.plist.xml; path = Info.plist; sourceTree = "<group>"; };
		921CB7711AB17307009822DA /* SampleTests.m */ = {isa = PBXFileReference; lastKnownFileType = sourcecode.c.objc; path = SampleTests.m; sourceTree = "<group>"; };
		922A48C21AB1735100929632 /* Utils.framework */ = {isa = PBXFileReference; lastKnownFileType = wrapper.framework; name = Utils.framework; path = "../../../../Library/Developer/Xcode/DerivedData/iOS-ckqowocccgjstgcgkdwcrmnxsube/Build/Products/Debug-iphoneos/Utils.framework"; sourceTree = "<group>"; };
		922A48C41AB1746500929632 /* libsqlite3.dylib */ = {isa = PBXFileReference; lastKnownFileType = "compiled.mach-o.dylib"; name = libsqlite3.dylib; path = usr/lib/libsqlite3.dylib; sourceTree = SDKROOT; };
/* End PBXFileReference section */

/* Begin PBXFrameworksBuildPhase section */
		921CB74F1AB17307009822DA /* Frameworks */ = {
			isa = PBXFrameworksBuildPhase;
			buildActionMask = 2147483647;
			files = (
				922A48C51AB1746500929632 /* libsqlite3.dylib in Frameworks */,
				922A48C61AB1749F00929632 /* Utils.framework in Frameworks */,
			);
			runOnlyForDeploymentPostprocessing = 0;
		};
		921CB7681AB17307009822DA /* Frameworks */ = {
			isa = PBXFrameworksBuildPhase;
			buildActionMask = 2147483647;
			files = (
			);
			runOnlyForDeploymentPostprocessing = 0;
		};
/* End PBXFrameworksBuildPhase section */

/* Begin PBXGroup section */
		921CB7491AB17307009822DA = {
			isa = PBXGroup;
			children = (
				922A48C41AB1746500929632 /* libsqlite3.dylib */,
				922A48C21AB1735100929632 /* Utils.framework */,
				921CB7541AB17307009822DA /* Sample */,
				921CB76E1AB17307009822DA /* SampleTests */,
				921CB7531AB17307009822DA /* Products */,
			);
			sourceTree = "<group>";
		};
		921CB7531AB17307009822DA /* Products */ = {
			isa = PBXGroup;
			children = (
				921CB7521AB17307009822DA /* Sample.app */,
				921CB76B1AB17307009822DA /* SampleTests.xctest */,
			);
			name = Products;
			sourceTree = "<group>";
		};
		921CB7541AB17307009822DA /* Sample */ = {
			isa = PBXGroup;
			children = (
				921CB7591AB17307009822DA /* AppDelegate.h */,
				921CB75A1AB17307009822DA /* AppDelegate.m */,
				921CB75C1AB17307009822DA /* ViewController.h */,
				921CB75D1AB17307009822DA /* ViewController.m */,
				921CB75F1AB17307009822DA /* Main.storyboard */,
				921CB7621AB17307009822DA /* Images.xcassets */,
				921CB7641AB17307009822DA /* LaunchScreen.xib */,
				921CB7551AB17307009822DA /* Supporting Files */,
			);
			path = Sample;
			sourceTree = "<group>";
		};
		921CB7551AB17307009822DA /* Supporting Files */ = {
			isa = PBXGroup;
			children = (
				921CB7561AB17307009822DA /* Info.plist */,
				921CB7571AB17307009822DA /* main.m */,
			);
			name = "Supporting Files";
			sourceTree = "<group>";
		};
		921CB76E1AB17307009822DA /* SampleTests */ = {
			isa = PBXGroup;
			children = (
				921CB7711AB17307009822DA /* SampleTests.m */,
				921CB76F1AB17307009822DA /* Supporting Files */,
			);
			path = SampleTests;
			sourceTree = "<group>";
		};
		921CB76F1AB17307009822DA /* Supporting Files */ = {
			isa = PBXGroup;
			children = (
				921CB7701AB17307009822DA /* Info.plist */,
			);
			name = "Supporting Files";
			sourceTree = "<group>";
		};
/* End PBXGroup section */

/* Begin PBXNativeTarget section */
		921CB7511AB17307009822DA /* Sample */ = {
			isa = PBXNativeTarget;
			buildConfigurationList = 921CB7751AB17307009822DA /* Build configuration list for PBXNativeTarget "Sample" */;
			buildPhases = (
				921CB74E1AB17307009822DA /* Sources */,
				921CB74F1AB17307009822DA /* Frameworks */,
				921CB7501AB17307009822DA /* Resources */,
				922A48C81AB1749F00929632 /* Embed Frameworks */,
			);
			buildRules = (
			);
			dependencies = (
			);
			name = Sample;
			productName = Sample;
			productReference = 921CB7521AB17307009822DA /* Sample.app */;
			productType = "com.apple.product-type.application";
		};
		921CB76A1AB17307009822DA /* SampleTests */ = {
			isa = PBXNativeTarget;
			buildConfigurationList = 921CB7781AB17307009822DA /* Build configuration list for PBXNativeTarget "SampleTests" */;
			buildPhases = (
				921CB7671AB17307009822DA /* Sources */,
				921CB7681AB17307009822DA /* Frameworks */,
				921CB7691AB17307009822DA /* Resources */,
			);
			buildRules = (
			);
			dependencies = (
				921CB76D1AB17307009822DA /* PBXTargetDependency */,
			);
			name = SampleTests;
			productName = SampleTests;
			productReference = 921CB76B1AB17307009822DA /* SampleTests.xctest */;
			productType = "com.apple.product-type.bundle.unit-test";
		};
/* End PBXNativeTarget section */

/* Begin PBXProject section */
		921CB74A1AB17307009822DA /* Project object */ = {
			isa = PBXProject;
			attributes = {
				LastUpgradeCheck = 0610;
				ORGANIZATIONNAME = YiBan;
				TargetAttributes = {
					921CB7511AB17307009822DA = {
						CreatedOnToolsVersion = 6.1.1;
					};
					921CB76A1AB17307009822DA = {
						CreatedOnToolsVersion = 6.1.1;
						TestTargetID = 921CB7511AB17307009822DA;
					};
				};
			};
			buildConfigurationList = 921CB74D1AB17307009822DA /* Build configuration list for PBXProject "Sample" */;
			compatibilityVersion = "Xcode 3.2";
			developmentRegion = English;
			hasScannedForEncodings = 0;
			knownRegions = (
				en,
				Base,
			);
			mainGroup = 921CB7491AB17307009822DA;
			productRefGroup = 921CB7531AB17307009822DA /* Products */;
			projectDirPath = "";
			projectRoot = "";
			targets = (
				921CB7511AB17307009822DA /* Sample */,
				921CB76A1AB17307009822DA /* SampleTests */,
			);
		};
/* End PBXProject section */

/* Begin PBXResourcesBuildPhase section */
		921CB7501AB17307009822DA /* Resources */ = {
			isa = PBXResourcesBuildPhase;
			buildActionMask = 2147483647;
			files = (
				921CB7611AB17307009822DA /* Main.storyboard in Resources */,
				921CB7661AB17307009822DA /* LaunchScreen.xib in Resources */,
				921CB7631AB17307009822DA /* Images.xcassets in Resources */,
			);
			runOnlyForDeploymentPostprocessing = 0;
		};
		921CB7691AB17307009822DA /* Resources */ = {
			isa = PBXResourcesBuildPhase;
			buildActionMask = 2147483647;
			files = (
			);
			runOnlyForDeploymentPostprocessing = 0;
		};
/* End PBXResourcesBuildPhase section */

/* Begin PBXSourcesBuildPhase section */
		921CB74E1AB17307009822DA /* Sources */ = {
			isa = PBXSourcesBuildPhase;
			buildActionMask = 2147483647;
			files = (
				921CB75E1AB17307009822DA /* ViewController.m in Sources */,
				921CB75B1AB17307009822DA /* AppDelegate.m in Sources */,
				921CB7581AB17307009822DA /* main.m in Sources */,
			);
			runOnlyForDeploymentPostprocessing = 0;
		};
		921CB7671AB17307009822DA /* Sources */ = {
			isa = PBXSourcesBuildPhase;
			buildActionMask = 2147483647;
			files = (
				921CB7721AB17307009822DA /* SampleTests.m in Sources */,
			);
			runOnlyForDeploymentPostprocessing = 0;
		};
/* End PBXSourcesBuildPhase section */

/* Begin PBXTargetDependency section */
		921CB76D1AB17307009822DA /* PBXTargetDependency */ = {
			isa = PBXTargetDependency;
			target = 921CB7511AB17307009822DA /* Sample */;
			targetProxy = 921CB76C1AB17307009822DA /* PBXContainerItemProxy */;
		};
/* End PBXTargetDependency section */

/* Begin PBXVariantGroup section */
		921CB75F1AB17307009822DA /* Main.storyboard */ = {
			isa = PBXVariantGroup;
			children = (
				921CB7601AB17307009822DA /* Base */,
			);
			name = Main.storyboard;
			sourceTree = "<group>";
		};
		921CB7641AB17307009822DA /* LaunchScreen.xib */ = {
			isa = PBXVariantGroup;
			children = (
				921CB7651AB17307009822DA /* Base */,
			);
			name = LaunchScreen.xib;
			sourceTree = "<group>";
		};
/* End PBXVariantGroup section */

/* Begin XCBuildConfiguration section */
		921CB7731AB17307009822DA /* Debug */ = {
			isa = XCBuildConfiguration;
			buildSettings = {
				ALWAYS_SEARCH_USER_PATHS = NO;
				CLANG_CXX_LANGUAGE_STANDARD = "gnu++0x";
				CLANG_CXX_LIBRARY = "libc++";
				CLANG_ENABLE_MODULES = YES;
				CLANG_ENABLE_OBJC_ARC = YES;
				CLANG_WARN_BOOL_CONVERSION = YES;
				CLANG_WARN_CONSTANT_CONVERSION = YES;
				CLANG_WARN_DIRECT_OBJC_ISA_USAGE = YES_ERROR;
				CLANG_WARN_EMPTY_BODY = YES;
				CLANG_WARN_ENUM_CONVERSION = YES;
				CLANG_WARN_INT_CONVERSION = YES;
				CLANG_WARN_OBJC_ROOT_CLASS = YES_ERROR;
				CLANG_WARN_UNREACHABLE_CODE = YES;
				CLANG_WARN__DUPLICATE_METHOD_MATCH = YES;
				"CODE_SIGN_IDENTITY[sdk=iphoneos*]" = "iPhone Developer";
				COPY_PHASE_STRIP = NO;
				ENABLE_STRICT_OBJC_MSGSEND = YES;
				GCC_C_LANGUAGE_STANDARD = gnu99;
				GCC_DYNAMIC_NO_PIC = NO;
				GCC_OPTIMIZATION_LEVEL = 0;
				GCC_PREPROCESSOR_DEFINITIONS = (
					"DEBUG=1",
					"$(inherited)",
				);
				GCC_SYMBOLS_PRIVATE_EXTERN = NO;
				GCC_WARN_64_TO_32_BIT_CONVERSION = YES;
				GCC_WARN_ABOUT_RETURN_TYPE = YES_ERROR;
				GCC_WARN_UNDECLARED_SELECTOR = YES;
				GCC_WARN_UNINITIALIZED_AUTOS = YES_AGGRESSIVE;
				GCC_WARN_UNUSED_FUNCTION = YES;
				GCC_WARN_UNUSED_VARIABLE = YES;
				IPHONEOS_DEPLOYMENT_TARGET = 8.1;
				MTL_ENABLE_DEBUG_INFO = YES;
				ONLY_ACTIVE_ARCH = YES;
				SDKROOT = iphoneos;
			};
			name = Debug;
		};
		921CB7741AB17307009822DA /* Release */ = {
			isa = XCBuildConfiguration;
			buildSettings = {
				ALWAYS_SEARCH_USER_PATHS = NO;
				CLANG_CXX_LANGUAGE_STANDARD = "gnu++0x";
				CLANG_CXX_LIBRARY = "libc++";
				CLANG_ENABLE_MODULES = YES;
				CLANG_ENABLE_OBJC_ARC = YES;
				CLANG_WARN_BOOL_CONVERSION = YES;
				CLANG_WARN_CONSTANT_CONVERSION = YES;
				CLANG_WARN_DIRECT_OBJC_ISA_USAGE = YES_ERROR;
				CLANG_WARN_EMPTY_BODY = YES;
				CLANG_WARN_ENUM_CONVERSION = YES;
				CLANG_WARN_INT_CONVERSION = YES;
				CLANG_WARN_OBJC_ROOT_CLASS = YES_ERROR;
				CLANG_WARN_UNREACHABLE_CODE = YES;
				CLANG_WARN__DUPLICATE_METHOD_MATCH = YES;
				"CODE_SIGN_IDENTITY[sdk=iphoneos*]" = "iPhone Developer";
				COPY_PHASE_STRIP = YES;
				ENABLE_NS_ASSERTIONS = NO;
				ENABLE_STRICT_OBJC_MSGSEND = YES;
				GCC_C_LANGUAGE_STANDARD = gnu99;
				GCC_WARN_64_TO_32_BIT_CONVERSION = YES;
				GCC_WARN_ABOUT_RETURN_TYPE = YES_ERROR;
				GCC_WARN_UNDECLARED_SELECTOR = YES;
				GCC_WARN_UNINITIALIZED_AUTOS = YES_AGGRESSIVE;
				GCC_WARN_UNUSED_FUNCTION = YES;
				GCC_WARN_UNUSED_VARIABLE = YES;
				IPHONEOS_DEPLOYMENT_TARGET = 8.1;
				MTL_ENABLE_DEBUG_INFO = NO;
				SDKROOT = iphoneos;
				VALIDATE_PRODUCT = YES;
			};
			name = Release;
		};
		921CB7761AB17307009822DA /* Debug */ = {
			isa = XCBuildConfiguration;
			buildSettings = {
				ASSETCATALOG_COMPILER_APPICON_NAME = AppIcon;
				FRAMEWORK_SEARCH_PATHS = (
					"$(inherited)",
					"$(USER_LIBRARY_DIR)/Developer/Xcode/DerivedData/iOS-ckqowocccgjstgcgkdwcrmnxsube/Build/Products/Debug-iphoneos",
				);
				INFOPLIST_FILE = Sample/Info.plist;
				LD_RUNPATH_SEARCH_PATHS = "$(inherited) @executable_path/Frameworks";
				PRODUCT_NAME = "$(TARGET_NAME)";
			};
			name = Debug;
		};
		921CB7771AB17307009822DA /* Release */ = {
			isa = XCBuildConfiguration;
			buildSettings = {
				ASSETCATALOG_COMPILER_APPICON_NAME = AppIcon;
				FRAMEWORK_SEARCH_PATHS = (
					"$(inherited)",
					"$(USER_LIBRARY_DIR)/Developer/Xcode/DerivedData/iOS-ckqowocccgjstgcgkdwcrmnxsube/Build/Products/Debug-iphoneos",
				);
				INFOPLIST_FILE = Sample/Info.plist;
				LD_RUNPATH_SEARCH_PATHS = "$(inherited) @executable_path/Frameworks";
				PRODUCT_NAME = "$(TARGET_NAME)";
			};
			name = Release;
		};
		921CB7791AB17307009822DA /* Debug */ = {
			isa = XCBuildConfiguration;
			buildSettings = {
				BUNDLE_LOADER = "$(TEST_HOST)";
				FRAMEWORK_SEARCH_PATHS = (
					"$(SDKROOT)/Developer/Library/Frameworks",
					"$(inherited)",
				);
				GCC_PREPROCESSOR_DEFINITIONS = (
					"DEBUG=1",
					"$(inherited)",
				);
				INFOPLIST_FILE = SampleTests/Info.plist;
				LD_RUNPATH_SEARCH_PATHS = "$(inherited) @executable_path/Frameworks @loader_path/Frameworks";
				PRODUCT_NAME = "$(TARGET_NAME)";
				TEST_HOST = "$(BUILT_PRODUCTS_DIR)/Sample.app/Sample";
			};
			name = Debug;
		};
		921CB77A1AB17307009822DA /* Release */ = {
			isa = XCBuildConfiguration;
			buildSettings = {
				BUNDLE_LOADER = "$(TEST_HOST)";
				FRAMEWORK_SEARCH_PATHS = (
					"$(SDKROOT)/Developer/Library/Frameworks",
					"$(inherited)",
				);
				INFOPLIST_FILE = SampleTests/Info.plist;
				LD_RUNPATH_SEARCH_PATHS = "$(inherited) @executable_path/Frameworks @loader_path/Frameworks";
				PRODUCT_NAME = "$(TARGET_NAME)";
				TEST_HOST = "$(BUILT_PRODUCTS_DIR)/Sample.app/Sample";
			};
			name = Release;
		};
/* End XCBuildConfiguration section */

/* Begin XCConfigurationList section */
		921CB74D1AB17307009822DA /* Build configuration list for PBXProject "Sample" */ = {
			isa = XCConfigurationList;
			buildConfigurations = (
				921CB7731AB17307009822DA /* Debug */,
				921CB7741AB17307009822DA /* Release */,
			);
			defaultConfigurationIsVisible = 0;
			defaultConfigurationName = Release;
		};
		921CB7751AB17307009822DA /* Build configuration list for PBXNativeTarget "Sample" */ = {
			isa = XCConfigurationList;
			buildConfigurations = (
				921CB7761AB17307009822DA /* Debug */,
				921CB7771AB17307009822DA /* Release */,
			);
			defaultConfigurationIsVisible = 0;
			defaultConfigurationName = Release;
		};
		921CB7781AB17307009822DA /* Build configuration list for PBXNativeTarget "SampleTests" */ = {
			isa = XCConfigurationList;
			buildConfigurations = (
				921CB7791AB17307009822DA /* Debug */,
				921CB77A1AB17307009822DA /* Release */,
			);
			defaultConfigurationIsVisible = 0;
			defaultConfigurationName = Release;
		};
/* End XCConfigurationList section */
	};
	rootObject = 921CB74A1AB17307009822DA /* Project object */;
}
