// !$*UTF8*$!
{
	archiveVersion = 1;
	classes = {
	};
	objectVersion = 46;
	objects = {

/* Begin PBXBuildFile section */
		929F34C81A6F6AB500C55B9D /* AppDelegate.swift in Sources */ = {isa = PBXBuildFile; fileRef = 929F34C71A6F6AB500C55B9D /* AppDelegate.swift */; };
		929F34CA1A6F6AB500C55B9D /* ViewController.swift in Sources */ = {isa = PBXBuildFile; fileRef = 929F34C91A6F6AB500C55B9D /* ViewController.swift */; };
		929F34CD1A6F6AB500C55B9D /* Main.storyboard in Resources */ = {isa = PBXBuildFile; fileRef = 929F34CB1A6F6AB500C55B9D /* Main.storyboard */; };
		929F34CF1A6F6AB500C55B9D /* Images.xcassets in Resources */ = {isa = PBXBuildFile; fileRef = 929F34CE1A6F6AB500C55B9D /* Images.xcassets */; };
		929F34D21A6F6AB500C55B9D /* LaunchScreen.xib in Resources */ = {isa = PBXBuildFile; fileRef = 929F34D01A6F6AB500C55B9D /* LaunchScreen.xib */; };
		92EA83681A787BE200AAD2C9 /* DemoClass.swift in Sources */ = {isa = PBXBuildFile; fileRef = 92EA83671A787BE200AAD2C9 /* DemoClass.swift */; };
		92EA836E1A788AD000AAD2C9 /* Utils.framework in Frameworks */ = {isa = PBXBuildFile; fileRef = 92EA836C1A787D1F00AAD2C9 /* Utils.framework */; };
		92EA836F1A788AD000AAD2C9 /* Utils.framework in Embed Frameworks */ = {isa = PBXBuildFile; fileRef = 92EA836C1A787D1F00AAD2C9 /* Utils.framework */; settings = {ATTRIBUTES = (CodeSignOnCopy, RemoveHeadersOnCopy, ); }; };
/* End PBXBuildFile section */

/* Begin PBXCopyFilesBuildPhase section */
		92EA83701A788AD000AAD2C9 /* Embed Frameworks */ = {
			isa = PBXCopyFilesBuildPhase;
			buildActionMask = 2147483647;
			dstPath = "";
			dstSubfolderSpec = 10;
			files = (
				92EA836F1A788AD000AAD2C9 /* Utils.framework in Embed Frameworks */,
			);
			name = "Embed Frameworks";
			runOnlyForDeploymentPostprocessing = 0;
		};
/* End PBXCopyFilesBuildPhase section */

/* Begin PBXFileReference section */
		929F34C21A6F6AB500C55B9D /* Sample.app */ = {isa = PBXFileReference; explicitFileType = wrapper.application; includeInIndex = 0; path = Sample.app; sourceTree = BUILT_PRODUCTS_DIR; };
		929F34C61A6F6AB500C55B9D /* Info.plist */ = {isa = PBXFileReference; lastKnownFileType = text.plist.xml; path = Info.plist; sourceTree = "<group>"; };
		929F34C71A6F6AB500C55B9D /* AppDelegate.swift */ = {isa = PBXFileReference; lastKnownFileType = sourcecode.swift; path = AppDelegate.swift; sourceTree = "<group>"; };
		929F34C91A6F6AB500C55B9D /* ViewController.swift */ = {isa = PBXFileReference; lastKnownFileType = sourcecode.swift; path = ViewController.swift; sourceTree = "<group>"; };
		929F34CC1A6F6AB500C55B9D /* Base */ = {isa = PBXFileReference; lastKnownFileType = file.storyboard; name = Base; path = Base.lproj/Main.storyboard; sourceTree = "<group>"; };
		929F34CE1A6F6AB500C55B9D /* Images.xcassets */ = {isa = PBXFileReference; lastKnownFileType = folder.assetcatalog; path = Images.xcassets; sourceTree = "<group>"; };
		929F34D11A6F6AB500C55B9D /* Base */ = {isa = PBXFileReference; lastKnownFileType = file.xib; name = Base; path = Base.lproj/LaunchScreen.xib; sourceTree = "<group>"; };
		92EA83671A787BE200AAD2C9 /* DemoClass.swift */ = {isa = PBXFileReference; fileEncoding = 4; lastKnownFileType = sourcecode.swift; path = DemoClass.swift; sourceTree = "<group>"; };
		92EA836C1A787D1F00AAD2C9 /* Utils.framework */ = {isa = PBXFileReference; lastKnownFileType = wrapper.framework; name = Utils.framework; path = "../../../../Library/Developer/Xcode/DerivedData/SwiftUtils-gynusldfciwvhlgmrjeuueqomlzu/Build/Products/Debug-iphoneos/Utils.framework"; sourceTree = "<group>"; };
/* End PBXFileReference section */

/* Begin PBXFrameworksBuildPhase section */
		929F34BF1A6F6AB500C55B9D /* Frameworks */ = {
			isa = PBXFrameworksBuildPhase;
			buildActionMask = 2147483647;
			files = (
				92EA836E1A788AD000AAD2C9 /* Utils.framework in Frameworks */,
			);
			runOnlyForDeploymentPostprocessing = 0;
		};
/* End PBXFrameworksBuildPhase section */

/* Begin PBXGroup section */
		929F34B91A6F6AB500C55B9D = {
			isa = PBXGroup;
			children = (
				92EA836C1A787D1F00AAD2C9 /* Utils.framework */,
				929F34C41A6F6AB500C55B9D /* Sample */,
				929F34C31A6F6AB500C55B9D /* Products */,
			);
			sourceTree = "<group>";
		};
		929F34C31A6F6AB500C55B9D /* Products */ = {
			isa = PBXGroup;
			children = (
				929F34C21A6F6AB500C55B9D /* Sample.app */,
			);
			name = Products;
			sourceTree = "<group>";
		};
		929F34C41A6F6AB500C55B9D /* Sample */ = {
			isa = PBXGroup;
			children = (
				929F34C71A6F6AB500C55B9D /* AppDelegate.swift */,
				929F34C91A6F6AB500C55B9D /* ViewController.swift */,
				929F34CB1A6F6AB500C55B9D /* Main.storyboard */,
				929F34CE1A6F6AB500C55B9D /* Images.xcassets */,
				929F34D01A6F6AB500C55B9D /* LaunchScreen.xib */,
				929F34C51A6F6AB500C55B9D /* Supporting Files */,
				92EA83671A787BE200AAD2C9 /* DemoClass.swift */,
			);
			path = Sample;
			sourceTree = "<group>";
		};
		929F34C51A6F6AB500C55B9D /* Supporting Files */ = {
			isa = PBXGroup;
			children = (
				929F34C61A6F6AB500C55B9D /* Info.plist */,
			);
			name = "Supporting Files";
			sourceTree = "<group>";
		};
/* End PBXGroup section */

/* Begin PBXNativeTarget section */
		929F34C11A6F6AB500C55B9D /* Sample */ = {
			isa = PBXNativeTarget;
			buildConfigurationList = 929F34E11A6F6AB500C55B9D /* Build configuration list for PBXNativeTarget "Sample" */;
			buildPhases = (
				929F34BE1A6F6AB500C55B9D /* Sources */,
				929F34BF1A6F6AB500C55B9D /* Frameworks */,
				929F34C01A6F6AB500C55B9D /* Resources */,
				92EA83701A788AD000AAD2C9 /* Embed Frameworks */,
			);
			buildRules = (
			);
			dependencies = (
			);
			name = Sample;
			productName = Sample;
			productReference = 929F34C21A6F6AB500C55B9D /* Sample.app */;
			productType = "com.apple.product-type.application";
		};
/* End PBXNativeTarget section */

/* Begin PBXProject section */
		929F34BA1A6F6AB500C55B9D /* Project object */ = {
			isa = PBXProject;
			attributes = {
				LastUpgradeCheck = 0610;
				ORGANIZATIONNAME = rarnu;
				TargetAttributes = {
					929F34C11A6F6AB500C55B9D = {
						CreatedOnToolsVersion = 6.1.1;
					};
				};
			};
			buildConfigurationList = 929F34BD1A6F6AB500C55B9D /* Build configuration list for PBXProject "Sample" */;
			compatibilityVersion = "Xcode 3.2";
			developmentRegion = English;
			hasScannedForEncodings = 0;
			knownRegions = (
				en,
				Base,
			);
			mainGroup = 929F34B91A6F6AB500C55B9D;
			productRefGroup = 929F34C31A6F6AB500C55B9D /* Products */;
			projectDirPath = "";
			projectRoot = "";
			targets = (
				929F34C11A6F6AB500C55B9D /* Sample */,
			);
		};
/* End PBXProject section */

/* Begin PBXResourcesBuildPhase section */
		929F34C01A6F6AB500C55B9D /* Resources */ = {
			isa = PBXResourcesBuildPhase;
			buildActionMask = 2147483647;
			files = (
				929F34CD1A6F6AB500C55B9D /* Main.storyboard in Resources */,
				929F34D21A6F6AB500C55B9D /* LaunchScreen.xib in Resources */,
				929F34CF1A6F6AB500C55B9D /* Images.xcassets in Resources */,
			);
			runOnlyForDeploymentPostprocessing = 0;
		};
/* End PBXResourcesBuildPhase section */

/* Begin PBXSourcesBuildPhase section */
		929F34BE1A6F6AB500C55B9D /* Sources */ = {
			isa = PBXSourcesBuildPhase;
			buildActionMask = 2147483647;
			files = (
				92EA83681A787BE200AAD2C9 /* DemoClass.swift in Sources */,
				929F34CA1A6F6AB500C55B9D /* ViewController.swift in Sources */,
				929F34C81A6F6AB500C55B9D /* AppDelegate.swift in Sources */,
			);
			runOnlyForDeploymentPostprocessing = 0;
		};
/* End PBXSourcesBuildPhase section */

/* Begin PBXVariantGroup section */
		929F34CB1A6F6AB500C55B9D /* Main.storyboard */ = {
			isa = PBXVariantGroup;
			children = (
				929F34CC1A6F6AB500C55B9D /* Base */,
			);
			name = Main.storyboard;
			sourceTree = "<group>";
		};
		929F34D01A6F6AB500C55B9D /* LaunchScreen.xib */ = {
			isa = PBXVariantGroup;
			children = (
				929F34D11A6F6AB500C55B9D /* Base */,
			);
			name = LaunchScreen.xib;
			sourceTree = "<group>";
		};
/* End PBXVariantGroup section */

/* Begin XCBuildConfiguration section */
		929F34DF1A6F6AB500C55B9D /* Debug */ = {
			isa = XCBuildConfiguration;
			buildSettings = {
				ALWAYS_SEARCH_USER_PATHS = NO;
				CLANG_CXX_LANGUAGE_STANDARD = "gnu++0x";
				CLANG_CXX_LIBRARY = "libc++";
				CLANG_ENABLE_MODULES = YES;
				CLANG_ENABLE_OBJC_ARC = YES;
				CLANG_WARN_BOOL_CONVERSION = YES;
				CLANG_WARN_CONSTANT_CONVERSION = YES;
				CLANG_WARN_DIRECT_OBJC_ISA_USAGE = YES_ERROR;
				CLANG_WARN_EMPTY_BODY = YES;
				CLANG_WARN_ENUM_CONVERSION = YES;
				CLANG_WARN_INT_CONVERSION = YES;
				CLANG_WARN_OBJC_ROOT_CLASS = YES_ERROR;
				CLANG_WARN_UNREACHABLE_CODE = YES;
				CLANG_WARN__DUPLICATE_METHOD_MATCH = YES;
				"CODE_SIGN_IDENTITY[sdk=iphoneos*]" = "iPhone Developer";
				COPY_PHASE_STRIP = NO;
				ENABLE_STRICT_OBJC_MSGSEND = YES;
				GCC_C_LANGUAGE_STANDARD = gnu99;
				GCC_DYNAMIC_NO_PIC = NO;
				GCC_OPTIMIZATION_LEVEL = 0;
				GCC_PREPROCESSOR_DEFINITIONS = (
					"DEBUG=1",
					"$(inherited)",
				);
				GCC_SYMBOLS_PRIVATE_EXTERN = NO;
				GCC_WARN_64_TO_32_BIT_CONVERSION = YES;
				GCC_WARN_ABOUT_RETURN_TYPE = YES_ERROR;
				GCC_WARN_UNDECLARED_SELECTOR = YES;
				GCC_WARN_UNINITIALIZED_AUTOS = YES_AGGRESSIVE;
				GCC_WARN_UNUSED_FUNCTION = YES;
				GCC_WARN_UNUSED_VARIABLE = YES;
				IPHONEOS_DEPLOYMENT_TARGET = 8.1;
				MTL_ENABLE_DEBUG_INFO = YES;
				ONLY_ACTIVE_ARCH = YES;
				SDKROOT = iphoneos;
				SWIFT_OPTIMIZATION_LEVEL = "-Onone";
			};
			name = Debug;
		};
		929F34E01A6F6AB500C55B9D /* Release */ = {
			isa = XCBuildConfiguration;
			buildSettings = {
				ALWAYS_SEARCH_USER_PATHS = NO;
				CLANG_CXX_LANGUAGE_STANDARD = "gnu++0x";
				CLANG_CXX_LIBRARY = "libc++";
				CLANG_ENABLE_MODULES = YES;
				CLANG_ENABLE_OBJC_ARC = YES;
				CLANG_WARN_BOOL_CONVERSION = YES;
				CLANG_WARN_CONSTANT_CONVERSION = YES;
				CLANG_WARN_DIRECT_OBJC_ISA_USAGE = YES_ERROR;
				CLANG_WARN_EMPTY_BODY = YES;
				CLANG_WARN_ENUM_CONVERSION = YES;
				CLANG_WARN_INT_CONVERSION = YES;
				CLANG_WARN_OBJC_ROOT_CLASS = YES_ERROR;
				CLANG_WARN_UNREACHABLE_CODE = YES;
				CLANG_WARN__DUPLICATE_METHOD_MATCH = YES;
				"CODE_SIGN_IDENTITY[sdk=iphoneos*]" = "iPhone Developer";
				COPY_PHASE_STRIP = YES;
				ENABLE_NS_ASSERTIONS = NO;
				ENABLE_STRICT_OBJC_MSGSEND = YES;
				GCC_C_LANGUAGE_STANDARD = gnu99;
				GCC_WARN_64_TO_32_BIT_CONVERSION = YES;
				GCC_WARN_ABOUT_RETURN_TYPE = YES_ERROR;
				GCC_WARN_UNDECLARED_SELECTOR = YES;
				GCC_WARN_UNINITIALIZED_AUTOS = YES_AGGRESSIVE;
				GCC_WARN_UNUSED_FUNCTION = YES;
				GCC_WARN_UNUSED_VARIABLE = YES;
				IPHONEOS_DEPLOYMENT_TARGET = 8.1;
				MTL_ENABLE_DEBUG_INFO = NO;
				SDKROOT = iphoneos;
				VALIDATE_PRODUCT = YES;
			};
			name = Release;
		};
		929F34E21A6F6AB500C55B9D /* Debug */ = {
			isa = XCBuildConfiguration;
			buildSettings = {
				ASSETCATALOG_COMPILER_APPICON_NAME = AppIcon;
				FRAMEWORK_SEARCH_PATHS = (
					"$(inherited)",
					"$(USER_LIBRARY_DIR)/Developer/Xcode/DerivedData/SwiftUtils-gynusldfciwvhlgmrjeuueqomlzu/Build/Products/Debug-iphoneos",
				);
				INFOPLIST_FILE = Sample/Info.plist;
				LD_RUNPATH_SEARCH_PATHS = "$(inherited) @executable_path/Frameworks";
				PRODUCT_NAME = "$(TARGET_NAME)";
			};
			name = Debug;
		};
		929F34E31A6F6AB500C55B9D /* Release */ = {
			isa = XCBuildConfiguration;
			buildSettings = {
				ASSETCATALOG_COMPILER_APPICON_NAME = AppIcon;
				FRAMEWORK_SEARCH_PATHS = (
					"$(inherited)",
					"$(USER_LIBRARY_DIR)/Developer/Xcode/DerivedData/SwiftUtils-gynusldfciwvhlgmrjeuueqomlzu/Build/Products/Debug-iphoneos",
				);
				INFOPLIST_FILE = Sample/Info.plist;
				LD_RUNPATH_SEARCH_PATHS = "$(inherited) @executable_path/Frameworks";
				PRODUCT_NAME = "$(TARGET_NAME)";
			};
			name = Release;
		};
/* End XCBuildConfiguration section */

/* Begin XCConfigurationList section */
		929F34BD1A6F6AB500C55B9D /* Build configuration list for PBXProject "Sample" */ = {
			isa = XCConfigurationList;
			buildConfigurations = (
				929F34DF1A6F6AB500C55B9D /* Debug */,
				929F34E01A6F6AB500C55B9D /* Release */,
			);
			defaultConfigurationIsVisible = 0;
			defaultConfigurationName = Release;
		};
		929F34E11A6F6AB500C55B9D /* Build configuration list for PBXNativeTarget "Sample" */ = {
			isa = XCConfigurationList;
			buildConfigurations = (
				929F34E21A6F6AB500C55B9D /* Debug */,
				929F34E31A6F6AB500C55B9D /* Release */,
			);
			defaultConfigurationIsVisible = 0;
			defaultConfigurationName = Release;
		};
/* End XCConfigurationList section */
	};
	rootObject = 929F34BA1A6F6AB500C55B9D /* Project object */;
}
